<?xml version="1.0" encoding="utf-8"?>
<Project ToolsVersion="4.0" xmlns="http://schemas.microsoft.com/developer/msbuild/2003">
  <ItemGroup>
    <Filter Include="Source Files">
      <UniqueIdentifier>{86c81772-2d00-47b6-a41f-0fd04c0935f6}</UniqueIdentifier>
      <Extensions>cpp;c;cxx;rc;def;r;odl;idl;hpj;bat</Extensions>
    </Filter>
    <Filter Include="Header Files">
      <UniqueIdentifier>{001181f9-2b36-4278-a064-c664683f2777}</UniqueIdentifier>
      <Extensions>h;hpp;hxx;hm;inl</Extensions>
    </Filter>
    <Filter Include="Resource Files">
      <UniqueIdentifier>{58c67425-6118-437e-b228-26a99a4cd370}</UniqueIdentifier>
      <Extensions>ico;cur;bmp;dlg;rc2;rct;bin;rgs;gif;jpg;jpeg;jpe</Extensions>
    </Filter>
  </ItemGroup>
  <ItemGroup>
    <ClCompile Include="cdpr.c">
      <Filter>Source Files</Filter>
    </ClCompile>
    <ClCompile Include="XGetopt.c">
      <Filter>Source Files</Filter>
    </ClCompile>
    <ClCompile Include="capture_win_ifnames.c">
      <Filter>Source Files</Filter>
    </ClCompile>
    <ClCompile Include="capture_wpcap_packet.c">
      <Filter>Source Files</Filter>
    </ClCompile>
    <ClCompile Include="cdps.c">
      <Filter>Source Files</Filter>
    </ClCompile>
    <ClCompile Include="os_version_info.c">
      <Filter>Source Files</Filter>
    </ClCompile>
    <ClCompile Include="cdp.c">
      <Filter>Source Files</Filter>
    </ClCompile>
    <ClCompile Include="lldp.c">
      <Filter>Source Files</Filter>
    </ClCompile>
  </ItemGroup>
  <ItemGroup>
    <ClInclude Include="cdp.h">
      <Filter>Header Files</Filter>
    </ClInclude>
    <ClInclude Include="cdpr.h">
      <Filter>Header Files</Filter>
    </ClInclude>
    <ClInclude Include="XGetopt.h">
      <Filter>Header Files</Filter>
    </ClInclude>
    <ClInclude Include="capture_win_ifnames.h">
      <Filter>Header Files</Filter>
    </ClInclude>
    <ClInclude Include="capture_wpcap_packet.h">
      <Filter>Header Files</Filter>
    </ClInclude>
    <ClInclude Include="cdps.h">
      <Filter>Header Files</Filter>
    </ClInclude>
    <ClInclude Include="os_version_info.h">
      <Filter>Header Files</Filter>
    </ClInclude>
    <ClInclude Include="lldp.h">
      <Filter>Header Files</Filter>
    </ClInclude>
  </ItemGroup>
  <ItemGroup>
    <Library Include="wpdpack\Lib\wpcap.lib" />
  </ItemGroup>
</Project>